{
  "name": "web-skills",
  "lockfileVersion": 2,
  "requires": true,
  "packages": {
    "": {
      "dependencies": {
        "firebase": "^7.13.2",
        "lit-element": "^2.3.1",
        "lit-html": "^1.2.1",
        "web-dialog": "0.0.11"
      },
      "devDependencies": {
        "servor": "^3.2.0",
        "snowpack": "^1.6.0"
      }
    }
  }
} 