# THIS IS AN AUTOGENERATED FILE. DO NOT EDIT THIS FILE DIRECTLY.
# yarn lockfile v1

firebase@^7.13.2:
  version "7.13.2"
  resolved "https://registry.yarnpkg.com/firebase/-/firebase-7.13.2.tgz"
  integrity sha512-2kc0LAoDDrqVvNJMHhIe7OmXsgilcB00QwfGfN1nEYydi2DSRH1o8PpHN1/ooLEwqR/F6B7d+t2ykayRgVpqHA==

lit-element@^2.3.1:
  version "2.3.1"
  resolved "https://registry.yarnpkg.com/lit-element/-/lit-element-2.3.1.tgz"
  integrity sha512-tOcUAmeO3BzwiQ7FGWdsshNvC0HVHcTFYw/TLIIeqE+GeaiAB8iX1NPor+Ied3GuAJxrX04rgVLOrlyzirptbA==
  dependencies:
    lit-html "^1.1.1"

lit-html@^1.1.1, lit-html@^1.2.1:
  version "1.2.1"
  resolved "https://registry.yarnpkg.com/lit-html/-/lit-html-1.2.1.tgz"
  integrity sha512-GSJHHXMGLZDzTRq59IUfL9FCdAlGfqNp/dEa7k7aBaaWD+JKaCjsAk9KpgWWsTAVpKn5ajURYQj1mTjzedl9R0A==

web-dialog@0.0.11:
  version "0.0.11"
  resolved "https://registry.yarnpkg.com/web-dialog/-/web-dialog-0.0.11.tgz"
  integrity sha512-6DMHe+KOH6rYAcMsDQTbzEn8C5S8PBY9ZD2d2tO7IJBFhYnIzNxuLUPH8ksAsFnPTx/drrtGFw3S4kXWPFUsmA== 